
Microsoft Visual Studio Solution File, Format Version 12.00
# Visual Studio 15
Project("{FAE04EC0-301F-11D3-BF4B-00C04F79EFBC}") = "Assembly-CSharp-Editor", "Assembly-CSharp-Editor.csproj", "{990D9F5F-2AD6-A246-BFDE-93A648F5A480}"
EndProject
Project("{FAE04EC0-301F-11D3-BF4B-00C04F79EFBC}") = "Assembly-CSharp", "Assembly-CSharp.csproj", "{622E8E63-CD8F-C8BC-3F48-A72D95206811}"
EndProject
Global
	GlobalSection(SolutionConfigurationPlatforms) = preSolution
		Debug|Any CPU = Debug|Any CPU
		Release|Any CPU = Release|Any CPU
	EndGlobalSection
	GlobalSection(ProjectConfigurationPlatforms) = postSolution
		{990D9F5F-2AD6-A246-BFDE-93A648F5A480}.Debug|Any CPU.ActiveCfg = Debug|Any CPU
		{990D9F5F-2AD6-A246-BFDE-93A648F5A480}.Debug|Any CPU.Build.0 = Debug|Any CPU
		{990D9F5F-2AD6-A246-BFDE-93A648F5A480}.Release|Any CPU.ActiveCfg = Release|Any CPU
		{990D9F5F-2AD6-A246-BFDE-93A648F5A480}.Release|Any CPU.Build.0 = Release|Any CPU
		{622E8E63-CD8F-C8BC-3F48-A72D95206811}.Debug|Any CPU.ActiveCfg = Debug|Any CPU
		{622E8E63-CD8F-C8BC-3F48-A72D95206811}.Debug|Any CPU.Build.0 = Debug|Any CPU
		{622E8E63-CD8F-C8BC-3F48-A72D95206811}.Release|Any CPU.ActiveCfg = Release|Any CPU
		{622E8E63-CD8F-C8BC-3F48-A72D95206811}.Release|Any CPU.Build.0 = Release|Any CPU
	EndGlobalSection
	GlobalSection(SolutionProperties) = preSolution
		HideSolutionNode = FALSE
	EndGlobalSection
EndGlobal
